<?xml version="1.0" encoding="utf-8"?>
<Project ToolsVersion="4.0" xmlns="http://schemas.microsoft.com/developer/msbuild/2003">
  <ItemGroup>
    <ClCompile Include="kitt\Content\FileReader.cpp">
      <Filter>Content</Filter>
    </ClCompile>
    <ClCompile Include="kitt\Content\IReader.cpp">
      <Filter>Content</Filter>
    </ClCompile>
    <ClCompile Include="kitt\Core\Matrix.cpp">
      <Filter>Core</Filter>
    </ClCompile>
    <ClCompile Include="kitt\Core\Placeable.cpp">
      <Filter>Core</Filter>
    </ClCompile>
    <ClCompile Include="kitt\Core\Vector2D.cpp">
      <Filter>Core</Filter>
    </ClCompile>
  </ItemGroup>
  <ItemGroup>
    <ClInclude Include="kitt\Content\FileReader.hpp">
      <Filter>Content</Filter>
    </ClInclude>
    <ClInclude Include="kitt\Content\IReader.hpp">
      <Filter>Content</Filter>
    </ClInclude>
    <ClInclude Include="kitt\Core\Camera.hpp">
      <Filter>Core</Filter>
    </ClInclude>
    <ClInclude Include="kitt\Core\Matrix.hpp">
      <Filter>Core</Filter>
    </ClInclude>
    <ClInclude Include="kitt\Core\Placeable.hpp">
      <Filter>Core</Filter>
    </ClInclude>
    <ClInclude Include="kitt\Core\Vector2D.hpp">
      <Filter>Core</Filter>
    </ClInclude>
    <ClInclude Include="kitt\Core\Window.hpp">
      <Filter>Core</Filter>
    </ClInclude>
  </ItemGroup>
  <ItemGroup>
    <Filter Include="Core">
      <UniqueIdentifier>{b82efc9a-9c82-4c81-b0e5-58bf23041355}</UniqueIdentifier>
    </Filter>
    <Filter Include="Content">
      <UniqueIdentifier>{8df36948-8a66-4f91-8323-73d0c8bad16d}</UniqueIdentifier>
    </Filter>
  </ItemGroup>
</Project>