<?xml version="1.0" encoding="utf-8"?>
<Project ToolsVersion="4.0" xmlns="http://schemas.microsoft.com/developer/msbuild/2003">
  <ItemGroup>
    <ClCompile Include="kitt\Content\FileReader.cpp">
      <Filter>Content</Filter>
    </ClCompile>
    <ClCompile Include="kitt\Content\IReader.cpp">
      <Filter>Content</Filter>
    </ClCompile>
    <ClCompile Include="kitt\main.cpp" />
    <ClCompile Include="kitt\Testing\Assert.cpp">
      <Filter>Testing</Filter>
    </ClCompile>
    <ClCompile Include="kitt\Exceptions\AssertException.cpp">
      <Filter>Exceptions</Filter>
    </ClCompile>
    <ClCompile Include="kitt\Exceptions\DivideByZeroException.cpp">
      <Filter>Exceptions</Filter>
    </ClCompile>
    <ClCompile Include="kitt\Exceptions\KittException.cpp">
      <Filter>Exceptions</Filter>
    </ClCompile>
    <ClCompile Include="kitt\Exceptions\NullReferenceException.cpp">
      <Filter>Exceptions</Filter>
    </ClCompile>
    <ClCompile Include="kitt\Exceptions\OutOfRangeException.cpp">
      <Filter>Exceptions</Filter>
    </ClCompile>
    <ClCompile Include="kitt\Tests\KittTestSuite.cpp">
      <Filter>Tests</Filter>
    </ClCompile>
    <ClCompile Include="kitt\Tests\MatrixTests.cpp">
      <Filter>Tests</Filter>
    </ClCompile>
    <ClCompile Include="kitt\Tests\MemoizedTrigonometryTests.cpp">
      <Filter>Tests</Filter>
    </ClCompile>
    <ClCompile Include="kitt\Core\Object.cpp">
      <Filter>Core</Filter>
    </ClCompile>
    <ClCompile Include="kitt\Exceptions\MismatchException.cpp">
      <Filter>Exceptions</Filter>
    </ClCompile>
    <ClCompile Include="kitt\Tests\RealtimeTrigonometryTests.cpp">
      <Filter>Tests</Filter>
    </ClCompile>
    <ClCompile Include="kitt\Testing\Test.cpp">
      <Filter>Testing</Filter>
    </ClCompile>
    <ClCompile Include="kitt\Tests\SdlTimeTests.cpp">
      <Filter>Tests</Filter>
    </ClCompile>
    <ClCompile Include="kitt\Testing\TestRunner.cpp">
      <Filter>Testing</Filter>
    </ClCompile>
    <ClCompile Include="kitt\Testing\TestSuite.cpp">
      <Filter>Tests</Filter>
    </ClCompile>
    <ClCompile Include="kitt\Graphics\Renderer.cpp">
      <Filter>Graphics</Filter>
    </ClCompile>
    <ClCompile Include="kitt\Graphics\Texture.cpp">
      <Filter>Graphics</Filter>
    </ClCompile>
    <ClCompile Include="kitt\Core\HasTrigonometry.cpp">
      <Filter>Core\Trigonometry</Filter>
    </ClCompile>
    <ClCompile Include="kitt\Core\RealtimeTrigonometry.cpp">
      <Filter>Core\Trigonometry</Filter>
    </ClCompile>
    <ClCompile Include="kitt\Core\MemoizedTrigonometry.cpp">
      <Filter>Core\Trigonometry</Filter>
    </ClCompile>
    <ClCompile Include="kitt\Core\TrigonometryFactory.cpp">
      <Filter>Core\Trigonometry</Filter>
    </ClCompile>
    <ClCompile Include="kitt\Core\Trigonometry.cpp">
      <Filter>Core\Trigonometry</Filter>
    </ClCompile>
    <ClCompile Include="kitt\Core\Vector2D.cpp">
      <Filter>Core\Math</Filter>
    </ClCompile>
    <ClCompile Include="kitt\Core\Matrix.cpp">
      <Filter>Core\Math</Filter>
    </ClCompile>
    <ClCompile Include="kitt\Core\Time.cpp">
      <Filter>Core\Time</Filter>
    </ClCompile>
    <ClCompile Include="kitt\Core\TimeFactory.cpp">
      <Filter>Core\Time</Filter>
    </ClCompile>
    <ClCompile Include="kitt\Core\Path.cpp">
      <Filter>Core</Filter>
    </ClCompile>
    <ClCompile Include="kitt\Graphics\SdlRenderer.cpp">
      <Filter>Graphics\Sdl</Filter>
    </ClCompile>
    <ClCompile Include="kitt\Graphics\SdlTexture.cpp">
      <Filter>Graphics\Sdl</Filter>
    </ClCompile>
    <ClCompile Include="kitt\Graphics\Window.cpp">
      <Filter>Graphics</Filter>
    </ClCompile>
    <ClCompile Include="kitt\Graphics\SdlWindow.cpp">
      <Filter>Graphics\Sdl</Filter>
    </ClCompile>
    <ClCompile Include="kitt\Tests\Vector2DTests.cpp">
      <Filter>Tests</Filter>
    </ClCompile>
    <ClCompile Include="kitt\Content\ZipReader.cpp">
      <Filter>Content</Filter>
    </ClCompile>
    <ClCompile Include="kitt\Core\SdlTime.cpp">
      <Filter>Core\Time</Filter>
    </ClCompile>
    <ClCompile Include="kitt\Graphics\Color.cpp">
      <Filter>Graphics</Filter>
    </ClCompile>
    <ClCompile Include="kitt\Core\ConfigFileSettings.cpp">
      <Filter>Core</Filter>
    </ClCompile>
    <ClCompile Include="kitt\Input\SdlSignalManager.cpp">
      <Filter>Input</Filter>
    </ClCompile>
    <ClCompile Include="kitt\Input\SignalManager.cpp">
      <Filter>Input</Filter>
    </ClCompile>
    <ClCompile Include="kitt\Core\Settings.cpp">
      <Filter>Core</Filter>
    </ClCompile>
    <ClCompile Include="kitt\Content\SdlFileReader.cpp">
      <Filter>Content</Filter>
    </ClCompile>
    <ClCompile Include="kitt\Core\TrigonometryInjector.cpp">
      <Filter>Core\Trigonometry</Filter>
    </ClCompile>
    <ClCompile Include="kitt\Core\TimeInjector.cpp">
      <Filter>Core\Time</Filter>
    </ClCompile>
    <ClCompile Include="kitt\Game\Game.cpp">
      <Filter>Game</Filter>
    </ClCompile>
    <ClCompile Include="kitt\Behaviors\Placeable.cpp" />
    <ClCompile Include="kitt\Tests\PlaceableTest.cpp" />
    <ClCompile Include="kitt\Core\Camera.cpp" />
    <ClCompile Include="kitt\Graphics\Renderable.cpp" />
    <ClCompile Include="kitt\Behaviors\Directable.cpp" />
    <ClCompile Include="kitt\Core\Animateable.cpp" />
    <ClCompile Include="kitt\Behaviors\Growable.cpp" />
    <ClCompile Include="kitt\Behaviors\Scalable.cpp" />
    <ClCompile Include="kitt\Tests\DirectableTest.cpp" />
    <ClCompile Include="kitt\Tests\GrowableTest.cpp" />
    <ClCompile Include="kitt\Tests\ScalableTest.cpp" />
    <ClCompile Include="kitt\Behaviors\Angleable.cpp" />
    <ClCompile Include="kitt\Behaviors\Rotateable.cpp" />
    <ClCompile Include="kitt\Tests\AngleableTest.cpp" />
    <ClCompile Include="kitt\Tests\RotateableTest.cpp" />
    <ClCompile Include="kitt\Behaviors\Areable.cpp" />
    <ClCompile Include="kitt\Tests\AreableTest.cpp" />
    <ClCompile Include="kitt\Behaviors\Transformable.cpp" />
    <ClCompile Include="kitt\Tests\TransformableTest.cpp" />
    <ClCompile Include="kitt\Graphics\Vector2DRenderable.cpp" />
    <ClCompile Include="kitt\Graphics\Sprite.cpp" />
    <ClCompile Include="kitt\Graphics\SpriteSheet.cpp" />
    <ClCompile Include="kitt\Tests\SdlFileReaderTest.cpp" />
    <ClCompile Include="kitt\Graphics\Animation.cpp" />
  </ItemGroup>
  <ItemGroup>
    <ClInclude Include="kitt\Content\FileReader.hpp">
      <Filter>Content</Filter>
    </ClInclude>
    <ClInclude Include="kitt\Content\IReader.hpp">
      <Filter>Content</Filter>
    </ClInclude>
    <ClInclude Include="kitt\SDL.h" />
    <ClInclude Include="kitt\Testing\Assert.hpp">
      <Filter>Testing</Filter>
    </ClInclude>
    <ClInclude Include="kitt\Exceptions\AssertException.hpp">
      <Filter>Exceptions</Filter>
    </ClInclude>
    <ClInclude Include="kitt\Exceptions\DivideByZeroException.hpp">
      <Filter>Exceptions</Filter>
    </ClInclude>
    <ClInclude Include="kitt\Exceptions\KittException.hpp">
      <Filter>Exceptions</Filter>
    </ClInclude>
    <ClInclude Include="kitt\Exceptions\NullReferenceException.hpp">
      <Filter>Exceptions</Filter>
    </ClInclude>
    <ClInclude Include="kitt\Exceptions\OutOfRangeException.hpp">
      <Filter>Exceptions</Filter>
    </ClInclude>
    <ClInclude Include="kitt\Tests\KittTestSuite.hpp">
      <Filter>Tests</Filter>
    </ClInclude>
    <ClInclude Include="kitt\Tests\MatrixTests.hpp">
      <Filter>Tests</Filter>
    </ClInclude>
    <ClInclude Include="kitt\Tests\MemoizedTrigonometryTests.hpp">
      <Filter>Tests</Filter>
    </ClInclude>
    <ClInclude Include="kitt\Core\Object.hpp">
      <Filter>Core</Filter>
    </ClInclude>
    <ClInclude Include="kitt\Exceptions\MismatchException.hpp">
      <Filter>Exceptions</Filter>
    </ClInclude>
    <ClInclude Include="kitt\Tests\RealtimeTrigonometryTests.hpp">
      <Filter>Tests</Filter>
    </ClInclude>
    <ClInclude Include="kitt\Testing\Test.hpp">
      <Filter>Testing</Filter>
    </ClInclude>
    <ClInclude Include="kitt\Tests\SdlTimeTests.hpp">
      <Filter>Tests</Filter>
    </ClInclude>
    <ClInclude Include="kitt\Testing\TestRunner.hpp">
      <Filter>Testing</Filter>
    </ClInclude>
    <ClInclude Include="kitt\Testing\TestSuite.hpp">
      <Filter>Tests</Filter>
    </ClInclude>
    <ClInclude Include="kitt\Graphics\Renderer.hpp">
      <Filter>Graphics</Filter>
    </ClInclude>
    <ClInclude Include="kitt\Graphics\Texture.hpp">
      <Filter>Graphics</Filter>
    </ClInclude>
    <ClInclude Include="kitt\Core\HasTrigonometry.hpp">
      <Filter>Core\Trigonometry</Filter>
    </ClInclude>
    <ClInclude Include="kitt\Core\RealtimeTrigonometry.hpp">
      <Filter>Core\Trigonometry</Filter>
    </ClInclude>
    <ClInclude Include="kitt\Core\MemoizedTrigonometry.hpp">
      <Filter>Core\Trigonometry</Filter>
    </ClInclude>
    <ClInclude Include="kitt\Core\TrigonometryFactory.hpp">
      <Filter>Core\Trigonometry</Filter>
    </ClInclude>
    <ClInclude Include="kitt\Core\Trigonometry.hpp">
      <Filter>Core\Trigonometry</Filter>
    </ClInclude>
    <ClInclude Include="kitt\Core\Vector2D.hpp">
      <Filter>Core\Math</Filter>
    </ClInclude>
    <ClInclude Include="kitt\Core\Matrix.hpp">
      <Filter>Core\Math</Filter>
    </ClInclude>
    <ClInclude Include="kitt\Core\TimeFactory.hpp">
      <Filter>Core\Time</Filter>
    </ClInclude>
    <ClInclude Include="kitt\Core\Time.hpp">
      <Filter>Core\Time</Filter>
    </ClInclude>
    <ClInclude Include="kitt\Core\Path.hpp">
      <Filter>Core</Filter>
    </ClInclude>
    <ClInclude Include="kitt\Graphics\SdlRenderer.hpp">
      <Filter>Graphics\Sdl</Filter>
    </ClInclude>
    <ClInclude Include="kitt\Graphics\SdlTexture.hpp">
      <Filter>Graphics\Sdl</Filter>
    </ClInclude>
    <ClInclude Include="kitt\Graphics\Window.hpp">
      <Filter>Graphics</Filter>
    </ClInclude>
    <ClInclude Include="kitt\Graphics\SdlWindow.hpp">
      <Filter>Graphics\Sdl</Filter>
    </ClInclude>
    <ClInclude Include="kitt\Tests\Vector2DTests.hpp">
      <Filter>Tests</Filter>
    </ClInclude>
    <ClInclude Include="kitt\Content\ZipReader.hpp">
      <Filter>Content</Filter>
    </ClInclude>
    <ClInclude Include="kitt\Core\SdlTime.hpp">
      <Filter>Core\Time</Filter>
    </ClInclude>
    <ClInclude Include="kitt\Graphics\Color.hpp">
      <Filter>Graphics</Filter>
    </ClInclude>
    <ClInclude Include="kitt\Core\ConfigFileSettings.hpp">
      <Filter>Core</Filter>
    </ClInclude>
    <ClInclude Include="kitt\Input\SdlSignalManager.hpp">
      <Filter>Input</Filter>
    </ClInclude>
    <ClInclude Include="kitt\Input\Signal.hpp">
      <Filter>Input</Filter>
    </ClInclude>
    <ClInclude Include="kitt\Input\SignalManager.hpp">
      <Filter>Input</Filter>
    </ClInclude>
    <ClInclude Include="kitt\Core\Settings.hpp">
      <Filter>Core</Filter>
    </ClInclude>
    <ClInclude Include="kitt\Content\SdlFileReader.hpp">
      <Filter>Content</Filter>
    </ClInclude>
    <ClInclude Include="kitt\constants.hpp" />
    <ClInclude Include="kitt\Core\TrigonometryInjector.hpp">
      <Filter>Core\Trigonometry</Filter>
    </ClInclude>
    <ClInclude Include="kitt\Core\TimeInjector.hpp">
      <Filter>Core\Time</Filter>
    </ClInclude>
    <ClInclude Include="kitt\Game\Game.hpp">
      <Filter>Game</Filter>
    </ClInclude>
    <ClInclude Include="resource.h" />
    <ClInclude Include="kitt\json.hpp" />
    <ClInclude Include="kitt\Behaviors\Placeable.hpp" />
    <ClInclude Include="kitt\Tests\PlaceableTest.hpp" />
    <ClInclude Include="kitt\Core\Camera.hpp" />
    <ClInclude Include="kitt\Graphics\Renderable.hpp" />
    <ClInclude Include="kitt\Behaviors\Directable.hpp" />
    <ClInclude Include="kitt\Core\Animateable.hpp" />
    <ClInclude Include="kitt\Behaviors\Growable.hpp" />
    <ClInclude Include="kitt\Behaviors\Scalable.hpp" />
    <ClInclude Include="kitt\Tests\DirectableTest.hpp" />
    <ClInclude Include="kitt\Tests\GrowableTest.hpp" />
    <ClInclude Include="kitt\Tests\ScalableTest.hpp" />
    <ClInclude Include="kitt\Behaviors\Angleable.hpp" />
    <ClInclude Include="kitt\Behaviors\Rotateable.hpp" />
    <ClInclude Include="kitt\Tests\AngleableTest.hpp" />
    <ClInclude Include="kitt\Tests\RotateableTest.hpp" />
    <ClInclude Include="kitt\Behaviors\Areable.hpp" />
    <ClInclude Include="kitt\Tests\AreableTest.hpp" />
    <ClInclude Include="kitt\Behaviors\Transformable.hpp" />
    <ClInclude Include="kitt\Tests\TransformableTest.hpp" />
    <ClInclude Include="kitt\Graphics\Vector2DRenderable.hpp" />
    <ClInclude Include="kitt\Graphics\Sprite.hpp" />
    <ClInclude Include="kitt\Graphics\SpriteSheet.hpp" />
    <ClInclude Include="kitt\Tests\SdlFileReaderTest.hpp" />
    <ClInclude Include="kitt\Graphics\Animation.hpp" />
  </ItemGroup>
  <ItemGroup>
    <Filter Include="Core">
      <UniqueIdentifier>{b82efc9a-9c82-4c81-b0e5-58bf23041355}</UniqueIdentifier>
    </Filter>
    <Filter Include="Content">
      <UniqueIdentifier>{8df36948-8a66-4f91-8323-73d0c8bad16d}</UniqueIdentifier>
    </Filter>
    <Filter Include="Testing">
      <UniqueIdentifier>{93a07218-f422-4422-b917-92c3d8beb6d1}</UniqueIdentifier>
    </Filter>
    <Filter Include="Exceptions">
      <UniqueIdentifier>{a8d3c22e-a00f-4e2d-9540-cfedb2bf5dee}</UniqueIdentifier>
    </Filter>
    <Filter Include="Tests">
      <UniqueIdentifier>{b94e9ab7-c30f-419a-a488-bf4a52bc5e31}</UniqueIdentifier>
    </Filter>
    <Filter Include="Graphics">
      <UniqueIdentifier>{d7cfdb17-beca-43da-97d4-35cbd3d211a9}</UniqueIdentifier>
    </Filter>
    <Filter Include="Core\Math">
      <UniqueIdentifier>{2a376737-97e5-4fdd-8a99-cc8e3d424af8}</UniqueIdentifier>
    </Filter>
    <Filter Include="Core\Interfaces">
      <UniqueIdentifier>{69dac71e-7aff-462d-8948-371b9cb56fce}</UniqueIdentifier>
    </Filter>
    <Filter Include="Core\Time">
      <UniqueIdentifier>{9707aa52-de6e-4094-9818-0a5e719c3bbf}</UniqueIdentifier>
    </Filter>
    <Filter Include="Graphics\Sdl">
      <UniqueIdentifier>{5538a9df-4054-4674-80ee-a116fe42758c}</UniqueIdentifier>
    </Filter>
    <Filter Include="Input">
      <UniqueIdentifier>{b8db820d-76bf-42ad-a45b-4fc41b6abc3f}</UniqueIdentifier>
    </Filter>
    <Filter Include="Game">
      <UniqueIdentifier>{b42c6e1c-9397-4a43-9948-04ec14a64edc}</UniqueIdentifier>
    </Filter>
    <Filter Include="Core\Trigonometry">
      <UniqueIdentifier>{7f895f81-f433-4dfe-8ccd-bb31672ef3a8}</UniqueIdentifier>
    </Filter>
  </ItemGroup>
  <ItemGroup>
    <None Include=".gitignore" />
    <None Include="README.md" />
    <None Include="config.json" />
    <None Include="content\sprites\bullets.sprite.json" />
  </ItemGroup>
  <ItemGroup>
    <ResourceCompile Include="Kittvs2017.rc" />
  </ItemGroup>
  <ItemGroup>
    <Text Include="content\file.txt" />
  </ItemGroup>
  <ItemGroup>
    <Image Include="content\sprites\bullets.png" />
  </ItemGroup>
</Project>