// !$*UTF8*$!
{
	archiveVersion = 1;
	classes = {
	};
	objectVersion = 46;
	objects = {

/* Begin PBXBuildFile section */
		A74E81FE1F09FBB600B8C90F /* README.md in Sources */ = {isa = PBXBuildFile; fileRef = A74E81FD1F09FBB600B8C90F /* README.md */; };
		A76EE3E21F0736B6009A673B /* FileReader.cpp in Sources */ = {isa = PBXBuildFile; fileRef = A76EE3C41F0736B6009A673B /* FileReader.cpp */; };
		A76EE3E31F0736B6009A673B /* IReader.cpp in Sources */ = {isa = PBXBuildFile; fileRef = A76EE3C61F0736B6009A673B /* IReader.cpp */; };
		A76EE3E41F0736B6009A673B /* Matrix.cpp in Sources */ = {isa = PBXBuildFile; fileRef = A76EE3CA1F0736B6009A673B /* Matrix.cpp */; };
		A76EE3E61F0736B6009A673B /* Vector2D.cpp in Sources */ = {isa = PBXBuildFile; fileRef = A76EE3CE1F0736B6009A673B /* Vector2D.cpp */; };
		A76EE3E71F0736B6009A673B /* AssertException.cpp in Sources */ = {isa = PBXBuildFile; fileRef = A76EE3D21F0736B6009A673B /* AssertException.cpp */; };
		A76EE3E81F0736B6009A673B /* KittException.cpp in Sources */ = {isa = PBXBuildFile; fileRef = A76EE3D41F0736B6009A673B /* KittException.cpp */; };
		A76EE3E91F0736B6009A673B /* Assert.cpp in Sources */ = {isa = PBXBuildFile; fileRef = A76EE3D71F0736B6009A673B /* Assert.cpp */; };
		A76EE3EA1F0736B6009A673B /* Test.cpp in Sources */ = {isa = PBXBuildFile; fileRef = A76EE3D91F0736B6009A673B /* Test.cpp */; };
		A76EE3EB1F0736B6009A673B /* TestSuite.cpp in Sources */ = {isa = PBXBuildFile; fileRef = A76EE3DB1F0736B6009A673B /* TestSuite.cpp */; };
		A76EE3EC1F0736B6009A673B /* KittTestSuite.cpp in Sources */ = {isa = PBXBuildFile; fileRef = A76EE3DE1F0736B6009A673B /* KittTestSuite.cpp */; };
		A76EE3ED1F0736B6009A673B /* Vector2DTests.cpp in Sources */ = {isa = PBXBuildFile; fileRef = A76EE3E11F0736B6009A673B /* Vector2DTests.cpp */; };
		A76EE3F01F075715009A673B /* Object.cpp in Sources */ = {isa = PBXBuildFile; fileRef = A76EE3EE1F075715009A673B /* Object.cpp */; };
		A76EE3F61F07CEFE009A673B /* TestRunner.cpp in Sources */ = {isa = PBXBuildFile; fileRef = A76EE3F41F07CEFE009A673B /* TestRunner.cpp */; };
		A76EE3F91F07E136009A673B /* DivideByZeroException.cpp in Sources */ = {isa = PBXBuildFile; fileRef = A76EE3F71F07E136009A673B /* DivideByZeroException.cpp */; };
		A76EE3FC1F07EC76009A673B /* Trigonometry.cpp in Sources */ = {isa = PBXBuildFile; fileRef = A76EE3FA1F07EC76009A673B /* Trigonometry.cpp */; };
		A76EE3FF1F07F1F2009A673B /* HasTrigonometry.cpp in Sources */ = {isa = PBXBuildFile; fileRef = A76EE3FD1F07F1F2009A673B /* HasTrigonometry.cpp */; };
		A76EE4081F080360009A673B /* Injector.cpp in Sources */ = {isa = PBXBuildFile; fileRef = A76EE4061F080360009A673B /* Injector.cpp */; };
		A76EE40B1F080CB7009A673B /* NullReferenceException.cpp in Sources */ = {isa = PBXBuildFile; fileRef = A76EE4091F080CB7009A673B /* NullReferenceException.cpp */; };
		A76EE40E1F081D0C009A673B /* RealtimeTrigonometry.cpp in Sources */ = {isa = PBXBuildFile; fileRef = A76EE40C1F081D0C009A673B /* RealtimeTrigonometry.cpp */; };
		A76EE4111F081E08009A673B /* MemoizedTrigonometry.cpp in Sources */ = {isa = PBXBuildFile; fileRef = A76EE40F1F081E08009A673B /* MemoizedTrigonometry.cpp */; };
		A76EE4141F0864C4009A673B /* RealtimeTrigonometryTests.cpp in Sources */ = {isa = PBXBuildFile; fileRef = A76EE4121F0864C4009A673B /* RealtimeTrigonometryTests.cpp */; };
		A76EE4171F0874C6009A673B /* MemoizedTrigonometryTests.cpp in Sources */ = {isa = PBXBuildFile; fileRef = A76EE4151F0874C6009A673B /* MemoizedTrigonometryTests.cpp */; };
		A76EE41E1F097B9B009A673B /* MatrixTests.cpp in Sources */ = {isa = PBXBuildFile; fileRef = A76EE41C1F097B9B009A673B /* MatrixTests.cpp */; };
		A76EE4211F0989B8009A673B /* OutOfRangeException.cpp in Sources */ = {isa = PBXBuildFile; fileRef = A76EE41F1F0989B8009A673B /* OutOfRangeException.cpp */; };
		A76EE4241F098DDF009A673B /* MismatchException.cpp in Sources */ = {isa = PBXBuildFile; fileRef = A76EE4221F098DDF009A673B /* MismatchException.cpp */; };
		A76EE4271F09A157009A673B /* Texture.cpp in Sources */ = {isa = PBXBuildFile; fileRef = A76EE4251F09A157009A673B /* Texture.cpp */; };
		A76EE42B1F09CF47009A673B /* TrigonometryFactory.cpp in Sources */ = {isa = PBXBuildFile; fileRef = A76EE4291F09CF47009A673B /* TrigonometryFactory.cpp */; };
		A76EE42E1F09D1CF009A673B /* Vector2DFactory.cpp in Sources */ = {isa = PBXBuildFile; fileRef = A76EE42C1F09D1CF009A673B /* Vector2DFactory.cpp */; };
		A76EE4331F09EDFE009A673B /* Time.cpp in Sources */ = {isa = PBXBuildFile; fileRef = A76EE4311F09EDFE009A673B /* Time.cpp */; };
		A76EE4361F09EEA7009A673B /* SdlTime.cpp in Sources */ = {isa = PBXBuildFile; fileRef = A76EE4341F09EEA7009A673B /* SdlTime.cpp */; };
		A76EE4391F09F395009A673B /* TimeFactory.cpp in Sources */ = {isa = PBXBuildFile; fileRef = A76EE4371F09F395009A673B /* TimeFactory.cpp */; };
		A76EE43E1F09F800009A673B /* SdlTimeTests.cpp in Sources */ = {isa = PBXBuildFile; fileRef = A76EE43C1F09F800009A673B /* SdlTimeTests.cpp */; };
		A7ECCDC01F04C03000011805 /* main.cpp in Sources */ = {isa = PBXBuildFile; fileRef = A7ECCDBF1F04C03000011805 /* main.cpp */; };
		A7ECCDD01F04CA1300011805 /* SDL2_image.framework in Frameworks */ = {isa = PBXBuildFile; fileRef = A7ECCDCE1F04CA1300011805 /* SDL2_image.framework */; };
		A7ECCDD11F04CA1300011805 /* SDL2.framework in Frameworks */ = {isa = PBXBuildFile; fileRef = A7ECCDCF1F04CA1300011805 /* SDL2.framework */; };
/* End PBXBuildFile section */

/* Begin PBXCopyFilesBuildPhase section */
		A7ECCDBA1F04C03000011805 /* CopyFiles */ = {
			isa = PBXCopyFilesBuildPhase;
			buildActionMask = 2147483647;
			dstPath = /usr/share/man/man1/;
			dstSubfolderSpec = 0;
			files = (
			);
			runOnlyForDeploymentPostprocessing = 1;
		};
/* End PBXCopyFilesBuildPhase section */

/* Begin PBXFileReference section */
		A74E81FD1F09FBB600B8C90F /* README.md */ = {isa = PBXFileReference; fileEncoding = 4; lastKnownFileType = net.daringfireball.markdown; path = README.md; sourceTree = "<group>"; };
		A76EE3C41F0736B6009A673B /* FileReader.cpp */ = {isa = PBXFileReference; fileEncoding = 4; lastKnownFileType = sourcecode.cpp.cpp; path = FileReader.cpp; sourceTree = "<group>"; };
		A76EE3C51F0736B6009A673B /* FileReader.hpp */ = {isa = PBXFileReference; fileEncoding = 4; lastKnownFileType = sourcecode.cpp.h; path = FileReader.hpp; sourceTree = "<group>"; };
		A76EE3C61F0736B6009A673B /* IReader.cpp */ = {isa = PBXFileReference; fileEncoding = 4; lastKnownFileType = sourcecode.cpp.cpp; path = IReader.cpp; sourceTree = "<group>"; };
		A76EE3C71F0736B6009A673B /* IReader.hpp */ = {isa = PBXFileReference; fileEncoding = 4; lastKnownFileType = sourcecode.cpp.h; path = IReader.hpp; sourceTree = "<group>"; };
		A76EE3C91F0736B6009A673B /* Camera.hpp */ = {isa = PBXFileReference; fileEncoding = 4; lastKnownFileType = sourcecode.cpp.h; path = Camera.hpp; sourceTree = "<group>"; };
		A76EE3CA1F0736B6009A673B /* Matrix.cpp */ = {isa = PBXFileReference; fileEncoding = 4; lastKnownFileType = sourcecode.cpp.cpp; path = Matrix.cpp; sourceTree = "<group>"; };
		A76EE3CB1F0736B6009A673B /* Matrix.hpp */ = {isa = PBXFileReference; fileEncoding = 4; lastKnownFileType = sourcecode.cpp.h; path = Matrix.hpp; sourceTree = "<group>"; };
		A76EE3CE1F0736B6009A673B /* Vector2D.cpp */ = {isa = PBXFileReference; fileEncoding = 4; lastKnownFileType = sourcecode.cpp.cpp; path = Vector2D.cpp; sourceTree = "<group>"; };
		A76EE3CF1F0736B6009A673B /* Vector2D.hpp */ = {isa = PBXFileReference; fileEncoding = 4; lastKnownFileType = sourcecode.cpp.h; path = Vector2D.hpp; sourceTree = "<group>"; };
		A76EE3D01F0736B6009A673B /* Window.hpp */ = {isa = PBXFileReference; fileEncoding = 4; lastKnownFileType = sourcecode.cpp.h; path = Window.hpp; sourceTree = "<group>"; };
		A76EE3D21F0736B6009A673B /* AssertException.cpp */ = {isa = PBXFileReference; fileEncoding = 4; lastKnownFileType = sourcecode.cpp.cpp; path = AssertException.cpp; sourceTree = "<group>"; };
		A76EE3D31F0736B6009A673B /* AssertException.hpp */ = {isa = PBXFileReference; fileEncoding = 4; lastKnownFileType = sourcecode.cpp.h; path = AssertException.hpp; sourceTree = "<group>"; };
		A76EE3D41F0736B6009A673B /* KittException.cpp */ = {isa = PBXFileReference; fileEncoding = 4; lastKnownFileType = sourcecode.cpp.cpp; path = KittException.cpp; sourceTree = "<group>"; };
		A76EE3D51F0736B6009A673B /* KittException.hpp */ = {isa = PBXFileReference; fileEncoding = 4; lastKnownFileType = sourcecode.cpp.h; path = KittException.hpp; sourceTree = "<group>"; };
		A76EE3D71F0736B6009A673B /* Assert.cpp */ = {isa = PBXFileReference; fileEncoding = 4; lastKnownFileType = sourcecode.cpp.cpp; path = Assert.cpp; sourceTree = "<group>"; };
		A76EE3D81F0736B6009A673B /* Assert.hpp */ = {isa = PBXFileReference; fileEncoding = 4; lastKnownFileType = sourcecode.cpp.h; path = Assert.hpp; sourceTree = "<group>"; };
		A76EE3D91F0736B6009A673B /* Test.cpp */ = {isa = PBXFileReference; fileEncoding = 4; lastKnownFileType = sourcecode.cpp.cpp; path = Test.cpp; sourceTree = "<group>"; };
		A76EE3DA1F0736B6009A673B /* Test.hpp */ = {isa = PBXFileReference; fileEncoding = 4; lastKnownFileType = sourcecode.cpp.h; path = Test.hpp; sourceTree = "<group>"; };
		A76EE3DB1F0736B6009A673B /* TestSuite.cpp */ = {isa = PBXFileReference; fileEncoding = 4; lastKnownFileType = sourcecode.cpp.cpp; path = TestSuite.cpp; sourceTree = "<group>"; };
		A76EE3DC1F0736B6009A673B /* TestSuite.hpp */ = {isa = PBXFileReference; fileEncoding = 4; lastKnownFileType = sourcecode.cpp.h; path = TestSuite.hpp; sourceTree = "<group>"; };
		A76EE3DE1F0736B6009A673B /* KittTestSuite.cpp */ = {isa = PBXFileReference; fileEncoding = 4; lastKnownFileType = sourcecode.cpp.cpp; path = KittTestSuite.cpp; sourceTree = "<group>"; };
		A76EE3DF1F0736B6009A673B /* KittTestSuite.hpp */ = {isa = PBXFileReference; fileEncoding = 4; lastKnownFileType = sourcecode.cpp.h; path = KittTestSuite.hpp; sourceTree = "<group>"; };
		A76EE3E01F0736B6009A673B /* Vector2DTests.hpp */ = {isa = PBXFileReference; fileEncoding = 4; lastKnownFileType = sourcecode.cpp.h; path = Vector2DTests.hpp; sourceTree = "<group>"; };
		A76EE3E11F0736B6009A673B /* Vector2DTests.cpp */ = {isa = PBXFileReference; fileEncoding = 4; lastKnownFileType = sourcecode.cpp.cpp; path = Vector2DTests.cpp; sourceTree = "<group>"; };
		A76EE3EE1F075715009A673B /* Object.cpp */ = {isa = PBXFileReference; fileEncoding = 4; lastKnownFileType = sourcecode.cpp.cpp; name = Object.cpp; path = kitt/Core/Object.cpp; sourceTree = SOURCE_ROOT; };
		A76EE3EF1F075715009A673B /* Object.hpp */ = {isa = PBXFileReference; fileEncoding = 4; lastKnownFileType = sourcecode.cpp.h; name = Object.hpp; path = kitt/Core/Object.hpp; sourceTree = SOURCE_ROOT; };
		A76EE3F41F07CEFE009A673B /* TestRunner.cpp */ = {isa = PBXFileReference; fileEncoding = 4; lastKnownFileType = sourcecode.cpp.cpp; path = TestRunner.cpp; sourceTree = "<group>"; };
		A76EE3F51F07CEFE009A673B /* TestRunner.hpp */ = {isa = PBXFileReference; fileEncoding = 4; lastKnownFileType = sourcecode.cpp.h; path = TestRunner.hpp; sourceTree = "<group>"; };
		A76EE3F71F07E136009A673B /* DivideByZeroException.cpp */ = {isa = PBXFileReference; fileEncoding = 4; lastKnownFileType = sourcecode.cpp.cpp; path = DivideByZeroException.cpp; sourceTree = "<group>"; };
		A76EE3F81F07E136009A673B /* DivideByZeroException.hpp */ = {isa = PBXFileReference; fileEncoding = 4; lastKnownFileType = sourcecode.cpp.h; path = DivideByZeroException.hpp; sourceTree = "<group>"; };
		A76EE3FA1F07EC76009A673B /* Trigonometry.cpp */ = {isa = PBXFileReference; fileEncoding = 4; lastKnownFileType = sourcecode.cpp.cpp; path = Trigonometry.cpp; sourceTree = "<group>"; };
		A76EE3FB1F07EC76009A673B /* Trigonometry.hpp */ = {isa = PBXFileReference; fileEncoding = 4; lastKnownFileType = sourcecode.cpp.h; path = Trigonometry.hpp; sourceTree = "<group>"; };
		A76EE3FD1F07F1F2009A673B /* HasTrigonometry.cpp */ = {isa = PBXFileReference; fileEncoding = 4; lastKnownFileType = sourcecode.cpp.cpp; path = HasTrigonometry.cpp; sourceTree = "<group>"; };
		A76EE3FE1F07F1F2009A673B /* HasTrigonometry.hpp */ = {isa = PBXFileReference; fileEncoding = 4; lastKnownFileType = sourcecode.cpp.h; path = HasTrigonometry.hpp; sourceTree = "<group>"; };
		A76EE4061F080360009A673B /* Injector.cpp */ = {isa = PBXFileReference; fileEncoding = 4; lastKnownFileType = sourcecode.cpp.cpp; path = Injector.cpp; sourceTree = "<group>"; };
		A76EE4071F080360009A673B /* Injector.hpp */ = {isa = PBXFileReference; fileEncoding = 4; lastKnownFileType = sourcecode.cpp.h; path = Injector.hpp; sourceTree = "<group>"; };
		A76EE4091F080CB7009A673B /* NullReferenceException.cpp */ = {isa = PBXFileReference; fileEncoding = 4; lastKnownFileType = sourcecode.cpp.cpp; path = NullReferenceException.cpp; sourceTree = "<group>"; };
		A76EE40A1F080CB7009A673B /* NullReferenceException.hpp */ = {isa = PBXFileReference; fileEncoding = 4; lastKnownFileType = sourcecode.cpp.h; path = NullReferenceException.hpp; sourceTree = "<group>"; };
		A76EE40C1F081D0C009A673B /* RealtimeTrigonometry.cpp */ = {isa = PBXFileReference; fileEncoding = 4; lastKnownFileType = sourcecode.cpp.cpp; path = RealtimeTrigonometry.cpp; sourceTree = "<group>"; };
		A76EE40D1F081D0C009A673B /* RealtimeTrigonometry.hpp */ = {isa = PBXFileReference; fileEncoding = 4; lastKnownFileType = sourcecode.cpp.h; path = RealtimeTrigonometry.hpp; sourceTree = "<group>"; };
		A76EE40F1F081E08009A673B /* MemoizedTrigonometry.cpp */ = {isa = PBXFileReference; fileEncoding = 4; lastKnownFileType = sourcecode.cpp.cpp; path = MemoizedTrigonometry.cpp; sourceTree = "<group>"; };
		A76EE4101F081E08009A673B /* MemoizedTrigonometry.hpp */ = {isa = PBXFileReference; fileEncoding = 4; lastKnownFileType = sourcecode.cpp.h; path = MemoizedTrigonometry.hpp; sourceTree = "<group>"; };
		A76EE4121F0864C4009A673B /* RealtimeTrigonometryTests.cpp */ = {isa = PBXFileReference; fileEncoding = 4; lastKnownFileType = sourcecode.cpp.cpp; path = RealtimeTrigonometryTests.cpp; sourceTree = "<group>"; };
		A76EE4131F0864C4009A673B /* RealtimeTrigonometryTests.hpp */ = {isa = PBXFileReference; fileEncoding = 4; lastKnownFileType = sourcecode.cpp.h; path = RealtimeTrigonometryTests.hpp; sourceTree = "<group>"; };
		A76EE4151F0874C6009A673B /* MemoizedTrigonometryTests.cpp */ = {isa = PBXFileReference; fileEncoding = 4; lastKnownFileType = sourcecode.cpp.cpp; path = MemoizedTrigonometryTests.cpp; sourceTree = "<group>"; };
		A76EE4161F0874C6009A673B /* MemoizedTrigonometryTests.hpp */ = {isa = PBXFileReference; fileEncoding = 4; lastKnownFileType = sourcecode.cpp.h; path = MemoizedTrigonometryTests.hpp; sourceTree = "<group>"; };
		A76EE41A1F094726009A673B /* constants.hpp */ = {isa = PBXFileReference; fileEncoding = 4; lastKnownFileType = sourcecode.cpp.h; path = constants.hpp; sourceTree = "<group>"; };
		A76EE41C1F097B9B009A673B /* MatrixTests.cpp */ = {isa = PBXFileReference; fileEncoding = 4; lastKnownFileType = sourcecode.cpp.cpp; path = MatrixTests.cpp; sourceTree = "<group>"; };
		A76EE41D1F097B9B009A673B /* MatrixTests.hpp */ = {isa = PBXFileReference; fileEncoding = 4; lastKnownFileType = sourcecode.cpp.h; path = MatrixTests.hpp; sourceTree = "<group>"; };
		A76EE41F1F0989B8009A673B /* OutOfRangeException.cpp */ = {isa = PBXFileReference; fileEncoding = 4; lastKnownFileType = sourcecode.cpp.cpp; path = OutOfRangeException.cpp; sourceTree = "<group>"; };
		A76EE4201F0989B8009A673B /* OutOfRangeException.hpp */ = {isa = PBXFileReference; fileEncoding = 4; lastKnownFileType = sourcecode.cpp.h; path = OutOfRangeException.hpp; sourceTree = "<group>"; };
		A76EE4221F098DDF009A673B /* MismatchException.cpp */ = {isa = PBXFileReference; fileEncoding = 4; lastKnownFileType = sourcecode.cpp.cpp; path = MismatchException.cpp; sourceTree = "<group>"; };
		A76EE4231F098DDF009A673B /* MismatchException.hpp */ = {isa = PBXFileReference; fileEncoding = 4; lastKnownFileType = sourcecode.cpp.h; path = MismatchException.hpp; sourceTree = "<group>"; };
		A76EE4251F09A157009A673B /* Texture.cpp */ = {isa = PBXFileReference; fileEncoding = 4; lastKnownFileType = sourcecode.cpp.cpp; name = Texture.cpp; path = Graphics/Texture.cpp; sourceTree = "<group>"; };
		A76EE4261F09A157009A673B /* Texture.hpp */ = {isa = PBXFileReference; fileEncoding = 4; lastKnownFileType = sourcecode.cpp.h; name = Texture.hpp; path = Graphics/Texture.hpp; sourceTree = "<group>"; };
		A76EE4291F09CF47009A673B /* TrigonometryFactory.cpp */ = {isa = PBXFileReference; fileEncoding = 4; lastKnownFileType = sourcecode.cpp.cpp; path = TrigonometryFactory.cpp; sourceTree = "<group>"; };
		A76EE42A1F09CF47009A673B /* TrigonometryFactory.hpp */ = {isa = PBXFileReference; fileEncoding = 4; lastKnownFileType = sourcecode.cpp.h; path = TrigonometryFactory.hpp; sourceTree = "<group>"; };
		A76EE42C1F09D1CF009A673B /* Vector2DFactory.cpp */ = {isa = PBXFileReference; fileEncoding = 4; lastKnownFileType = sourcecode.cpp.cpp; path = Vector2DFactory.cpp; sourceTree = "<group>"; };
		A76EE42D1F09D1CF009A673B /* Vector2DFactory.hpp */ = {isa = PBXFileReference; fileEncoding = 4; lastKnownFileType = sourcecode.cpp.h; path = Vector2DFactory.hpp; sourceTree = "<group>"; };
		A76EE4311F09EDFE009A673B /* Time.cpp */ = {isa = PBXFileReference; fileEncoding = 4; lastKnownFileType = sourcecode.cpp.cpp; path = Time.cpp; sourceTree = "<group>"; };
		A76EE4321F09EDFE009A673B /* Time.hpp */ = {isa = PBXFileReference; fileEncoding = 4; lastKnownFileType = sourcecode.cpp.h; path = Time.hpp; sourceTree = "<group>"; };
		A76EE4341F09EEA7009A673B /* SdlTime.cpp */ = {isa = PBXFileReference; fileEncoding = 4; lastKnownFileType = sourcecode.cpp.cpp; path = SdlTime.cpp; sourceTree = "<group>"; };
		A76EE4351F09EEA7009A673B /* SdlTime.hpp */ = {isa = PBXFileReference; fileEncoding = 4; lastKnownFileType = sourcecode.cpp.h; path = SdlTime.hpp; sourceTree = "<group>"; };
		A76EE4371F09F395009A673B /* TimeFactory.cpp */ = {isa = PBXFileReference; fileEncoding = 4; lastKnownFileType = sourcecode.cpp.cpp; path = TimeFactory.cpp; sourceTree = "<group>"; };
		A76EE4381F09F395009A673B /* TimeFactory.hpp */ = {isa = PBXFileReference; fileEncoding = 4; lastKnownFileType = sourcecode.cpp.h; path = TimeFactory.hpp; sourceTree = "<group>"; };
		A76EE43C1F09F800009A673B /* SdlTimeTests.cpp */ = {isa = PBXFileReference; fileEncoding = 4; lastKnownFileType = sourcecode.cpp.cpp; path = SdlTimeTests.cpp; sourceTree = "<group>"; };
		A76EE43D1F09F800009A673B /* SdlTimeTests.hpp */ = {isa = PBXFileReference; fileEncoding = 4; lastKnownFileType = sourcecode.cpp.h; path = SdlTimeTests.hpp; sourceTree = "<group>"; };
		A7ECCDBC1F04C03000011805 /* kitt.app */ = {isa = PBXFileReference; explicitFileType = wrapper.application; includeInIndex = 0; path = kitt.app; sourceTree = BUILT_PRODUCTS_DIR; };
		A7ECCDBF1F04C03000011805 /* main.cpp */ = {isa = PBXFileReference; lastKnownFileType = sourcecode.cpp.cpp; path = main.cpp; sourceTree = "<group>"; };
		A7ECCDCE1F04CA1300011805 /* SDL2_image.framework */ = {isa = PBXFileReference; lastKnownFileType = wrapper.framework; name = SDL2_image.framework; path = ../../../../Library/Frameworks/SDL2_image.framework; sourceTree = "<group>"; };
		A7ECCDCF1F04CA1300011805 /* SDL2.framework */ = {isa = PBXFileReference; lastKnownFileType = wrapper.framework; name = SDL2.framework; path = ../../../../Library/Frameworks/SDL2.framework; sourceTree = "<group>"; };
/* End PBXFileReference section */

/* Begin PBXFrameworksBuildPhase section */
		A7ECCDB91F04C03000011805 /* Frameworks */ = {
			isa = PBXFrameworksBuildPhase;
			buildActionMask = 2147483647;
			files = (
				A7ECCDD01F04CA1300011805 /* SDL2_image.framework in Frameworks */,
				A7ECCDD11F04CA1300011805 /* SDL2.framework in Frameworks */,
			);
			runOnlyForDeploymentPostprocessing = 0;
		};
/* End PBXFrameworksBuildPhase section */

/* Begin PBXGroup section */
		A76EE3C31F0736B6009A673B /* Content */ = {
			isa = PBXGroup;
			children = (
				A76EE3C41F0736B6009A673B /* FileReader.cpp */,
				A76EE3C51F0736B6009A673B /* FileReader.hpp */,
				A76EE3C61F0736B6009A673B /* IReader.cpp */,
				A76EE3C71F0736B6009A673B /* IReader.hpp */,
			);
			path = Content;
			sourceTree = "<group>";
		};
		A76EE3C81F0736B6009A673B /* Core */ = {
			isa = PBXGroup;
			children = (
				A76EE4301F09EDEA009A673B /* Timing */,
				A76EE42F1F09D502009A673B /* Math */,
				A76EE4181F087952009A673B /* Trigonometry */,
				A76EE3EE1F075715009A673B /* Object.cpp */,
				A76EE3EF1F075715009A673B /* Object.hpp */,
				A76EE3C91F0736B6009A673B /* Camera.hpp */,
				A76EE3D01F0736B6009A673B /* Window.hpp */,
				A76EE4061F080360009A673B /* Injector.cpp */,
				A76EE4071F080360009A673B /* Injector.hpp */,
				A76EE41A1F094726009A673B /* constants.hpp */,
			);
			path = Core;
			sourceTree = "<group>";
		};
		A76EE3D11F0736B6009A673B /* Exceptions */ = {
			isa = PBXGroup;
			children = (
				A76EE3D21F0736B6009A673B /* AssertException.cpp */,
				A76EE3D31F0736B6009A673B /* AssertException.hpp */,
				A76EE3D41F0736B6009A673B /* KittException.cpp */,
				A76EE3D51F0736B6009A673B /* KittException.hpp */,
				A76EE3F71F07E136009A673B /* DivideByZeroException.cpp */,
				A76EE3F81F07E136009A673B /* DivideByZeroException.hpp */,
				A76EE4091F080CB7009A673B /* NullReferenceException.cpp */,
				A76EE40A1F080CB7009A673B /* NullReferenceException.hpp */,
				A76EE41F1F0989B8009A673B /* OutOfRangeException.cpp */,
				A76EE4201F0989B8009A673B /* OutOfRangeException.hpp */,
				A76EE4221F098DDF009A673B /* MismatchException.cpp */,
				A76EE4231F098DDF009A673B /* MismatchException.hpp */,
			);
			path = Exceptions;
			sourceTree = "<group>";
		};
		A76EE3D61F0736B6009A673B /* Testing */ = {
			isa = PBXGroup;
			children = (
				A76EE3D71F0736B6009A673B /* Assert.cpp */,
				A76EE3D81F0736B6009A673B /* Assert.hpp */,
				A76EE3D91F0736B6009A673B /* Test.cpp */,
				A76EE3DA1F0736B6009A673B /* Test.hpp */,
				A76EE3DB1F0736B6009A673B /* TestSuite.cpp */,
				A76EE3DC1F0736B6009A673B /* TestSuite.hpp */,
				A76EE3F41F07CEFE009A673B /* TestRunner.cpp */,
				A76EE3F51F07CEFE009A673B /* TestRunner.hpp */,
			);
			path = Testing;
			sourceTree = "<group>";
		};
		A76EE3DD1F0736B6009A673B /* Tests */ = {
			isa = PBXGroup;
			children = (
				A76EE43B1F09F7E1009A673B /* MathTests */,
				A76EE43A1F09F7CE009A673B /* TrigonometryTests */,
				A76EE3DE1F0736B6009A673B /* KittTestSuite.cpp */,
				A76EE3DF1F0736B6009A673B /* KittTestSuite.hpp */,
				A76EE43C1F09F800009A673B /* SdlTimeTests.cpp */,
				A76EE43D1F09F800009A673B /* SdlTimeTests.hpp */,
			);
			path = Tests;
			sourceTree = "<group>";
		};
		A76EE4181F087952009A673B /* Trigonometry */ = {
			isa = PBXGroup;
			children = (
				A76EE3FA1F07EC76009A673B /* Trigonometry.cpp */,
				A76EE3FB1F07EC76009A673B /* Trigonometry.hpp */,
				A76EE3FD1F07F1F2009A673B /* HasTrigonometry.cpp */,
				A76EE3FE1F07F1F2009A673B /* HasTrigonometry.hpp */,
				A76EE40C1F081D0C009A673B /* RealtimeTrigonometry.cpp */,
				A76EE40D1F081D0C009A673B /* RealtimeTrigonometry.hpp */,
				A76EE40F1F081E08009A673B /* MemoizedTrigonometry.cpp */,
				A76EE4101F081E08009A673B /* MemoizedTrigonometry.hpp */,
				A76EE4291F09CF47009A673B /* TrigonometryFactory.cpp */,
				A76EE42A1F09CF47009A673B /* TrigonometryFactory.hpp */,
			);
			name = Trigonometry;
			sourceTree = "<group>";
		};
		A76EE4281F09A1B8009A673B /* Graphics */ = {
			isa = PBXGroup;
			children = (
				A76EE4251F09A157009A673B /* Texture.cpp */,
				A76EE4261F09A157009A673B /* Texture.hpp */,
			);
			name = Graphics;
			sourceTree = "<group>";
		};
		A76EE42F1F09D502009A673B /* Math */ = {
			isa = PBXGroup;
			children = (
				A76EE3CA1F0736B6009A673B /* Matrix.cpp */,
				A76EE3CB1F0736B6009A673B /* Matrix.hpp */,
				A76EE3CE1F0736B6009A673B /* Vector2D.cpp */,
				A76EE3CF1F0736B6009A673B /* Vector2D.hpp */,
				A76EE42C1F09D1CF009A673B /* Vector2DFactory.cpp */,
				A76EE42D1F09D1CF009A673B /* Vector2DFactory.hpp */,
			);
			name = Math;
			sourceTree = "<group>";
		};
		A76EE4301F09EDEA009A673B /* Timing */ = {
			isa = PBXGroup;
			children = (
				A76EE4311F09EDFE009A673B /* Time.cpp */,
				A76EE4321F09EDFE009A673B /* Time.hpp */,
				A76EE4341F09EEA7009A673B /* SdlTime.cpp */,
				A76EE4351F09EEA7009A673B /* SdlTime.hpp */,
				A76EE4371F09F395009A673B /* TimeFactory.cpp */,
				A76EE4381F09F395009A673B /* TimeFactory.hpp */,
			);
			name = Timing;
			sourceTree = "<group>";
		};
		A76EE43A1F09F7CE009A673B /* TrigonometryTests */ = {
			isa = PBXGroup;
			children = (
				A76EE4121F0864C4009A673B /* RealtimeTrigonometryTests.cpp */,
				A76EE4131F0864C4009A673B /* RealtimeTrigonometryTests.hpp */,
				A76EE4151F0874C6009A673B /* MemoizedTrigonometryTests.cpp */,
				A76EE4161F0874C6009A673B /* MemoizedTrigonometryTests.hpp */,
			);
			name = TrigonometryTests;
			sourceTree = "<group>";
		};
		A76EE43B1F09F7E1009A673B /* MathTests */ = {
			isa = PBXGroup;
			children = (
				A76EE3E01F0736B6009A673B /* Vector2DTests.hpp */,
				A76EE3E11F0736B6009A673B /* Vector2DTests.cpp */,
				A76EE41C1F097B9B009A673B /* MatrixTests.cpp */,
				A76EE41D1F097B9B009A673B /* MatrixTests.hpp */,
			);
			name = MathTests;
			sourceTree = "<group>";
		};
		A7ECCDB31F04C03000011805 = {
			isa = PBXGroup;
			children = (
				A74E81FD1F09FBB600B8C90F /* README.md */,
				A7ECCDBE1F04C03000011805 /* kitt */,
				A7ECCDBD1F04C03000011805 /* Products */,
				A7ECCDCD1F04CA1200011805 /* Frameworks */,
			);
			sourceTree = "<group>";
		};
		A7ECCDBD1F04C03000011805 /* Products */ = {
			isa = PBXGroup;
			children = (
				A7ECCDBC1F04C03000011805 /* kitt.app */,
			);
			name = Products;
			sourceTree = "<group>";
		};
		A7ECCDBE1F04C03000011805 /* kitt */ = {
			isa = PBXGroup;
			children = (
				A76EE4281F09A1B8009A673B /* Graphics */,
				A76EE3C31F0736B6009A673B /* Content */,
				A76EE3C81F0736B6009A673B /* Core */,
				A76EE3D11F0736B6009A673B /* Exceptions */,
				A76EE3D61F0736B6009A673B /* Testing */,
				A76EE3DD1F0736B6009A673B /* Tests */,
				A7ECCDBF1F04C03000011805 /* main.cpp */,
			);
			path = kitt;
			sourceTree = "<group>";
		};
		A7ECCDCD1F04CA1200011805 /* Frameworks */ = {
			isa = PBXGroup;
			children = (
				A7ECCDCE1F04CA1300011805 /* SDL2_image.framework */,
				A7ECCDCF1F04CA1300011805 /* SDL2.framework */,
			);
			name = Frameworks;
			sourceTree = "<group>";
		};
/* End PBXGroup section */

/* Begin PBXNativeTarget section */
		A7ECCDBB1F04C03000011805 /* kitt */ = {
			isa = PBXNativeTarget;
			buildConfigurationList = A7ECCDC31F04C03000011805 /* Build configuration list for PBXNativeTarget "kitt" */;
			buildPhases = (
				A7ECCDB81F04C03000011805 /* Sources */,
				A7ECCDB91F04C03000011805 /* Frameworks */,
				A7ECCDBA1F04C03000011805 /* CopyFiles */,
			);
			buildRules = (
			);
			dependencies = (
			);
			name = kitt;
			productName = kitt;
			productReference = A7ECCDBC1F04C03000011805 /* kitt.app */;
			productType = "com.apple.product-type.application";
		};
/* End PBXNativeTarget section */

/* Begin PBXProject section */
		A7ECCDB41F04C03000011805 /* Project object */ = {
			isa = PBXProject;
			attributes = {
				LastUpgradeCheck = 0830;
				ORGANIZATIONNAME = "Marco Hernandez";
				TargetAttributes = {
					A7ECCDBB1F04C03000011805 = {
						CreatedOnToolsVersion = 8.3.3;
						ProvisioningStyle = Automatic;
					};
				};
			};
			buildConfigurationList = A7ECCDB71F04C03000011805 /* Build configuration list for PBXProject "kitt" */;
			compatibilityVersion = "Xcode 3.2";
			developmentRegion = English;
			hasScannedForEncodings = 0;
			knownRegions = (
				en,
			);
			mainGroup = A7ECCDB31F04C03000011805;
			productRefGroup = A7ECCDBD1F04C03000011805 /* Products */;
			projectDirPath = "";
			projectRoot = "";
			targets = (
				A7ECCDBB1F04C03000011805 /* kitt */,
			);
		};
/* End PBXProject section */

/* Begin PBXSourcesBuildPhase section */
		A7ECCDB81F04C03000011805 /* Sources */ = {
			isa = PBXSourcesBuildPhase;
			buildActionMask = 2147483647;
			files = (
				A76EE3E41F0736B6009A673B /* Matrix.cpp in Sources */,
				A76EE3E31F0736B6009A673B /* IReader.cpp in Sources */,
				A76EE3EB1F0736B6009A673B /* TestSuite.cpp in Sources */,
				A76EE4241F098DDF009A673B /* MismatchException.cpp in Sources */,
				A76EE4211F0989B8009A673B /* OutOfRangeException.cpp in Sources */,
				A76EE3FC1F07EC76009A673B /* Trigonometry.cpp in Sources */,
				A76EE3E61F0736B6009A673B /* Vector2D.cpp in Sources */,
				A76EE4391F09F395009A673B /* TimeFactory.cpp in Sources */,
				A76EE40B1F080CB7009A673B /* NullReferenceException.cpp in Sources */,
				A76EE3F01F075715009A673B /* Object.cpp in Sources */,
				A76EE3E71F0736B6009A673B /* AssertException.cpp in Sources */,
				A76EE3E91F0736B6009A673B /* Assert.cpp in Sources */,
				A76EE3E21F0736B6009A673B /* FileReader.cpp in Sources */,
				A76EE4081F080360009A673B /* Injector.cpp in Sources */,
				A76EE3E81F0736B6009A673B /* KittException.cpp in Sources */,
				A76EE40E1F081D0C009A673B /* RealtimeTrigonometry.cpp in Sources */,
				A76EE3F91F07E136009A673B /* DivideByZeroException.cpp in Sources */,
				A76EE3FF1F07F1F2009A673B /* HasTrigonometry.cpp in Sources */,
				A76EE43E1F09F800009A673B /* SdlTimeTests.cpp in Sources */,
				A76EE3F61F07CEFE009A673B /* TestRunner.cpp in Sources */,
				A76EE41E1F097B9B009A673B /* MatrixTests.cpp in Sources */,
				A76EE4361F09EEA7009A673B /* SdlTime.cpp in Sources */,
				A76EE3ED1F0736B6009A673B /* Vector2DTests.cpp in Sources */,
				A76EE3EC1F0736B6009A673B /* KittTestSuite.cpp in Sources */,
				A76EE4271F09A157009A673B /* Texture.cpp in Sources */,
				A7ECCDC01F04C03000011805 /* main.cpp in Sources */,
				A76EE42B1F09CF47009A673B /* TrigonometryFactory.cpp in Sources */,
				A76EE4331F09EDFE009A673B /* Time.cpp in Sources */,
				A74E81FE1F09FBB600B8C90F /* README.md in Sources */,
				A76EE4111F081E08009A673B /* MemoizedTrigonometry.cpp in Sources */,
				A76EE3EA1F0736B6009A673B /* Test.cpp in Sources */,
				A76EE4171F0874C6009A673B /* MemoizedTrigonometryTests.cpp in Sources */,
				A76EE4141F0864C4009A673B /* RealtimeTrigonometryTests.cpp in Sources */,
				A76EE42E1F09D1CF009A673B /* Vector2DFactory.cpp in Sources */,
			);
			runOnlyForDeploymentPostprocessing = 0;
		};
/* End PBXSourcesBuildPhase section */

/* Begin XCBuildConfiguration section */
		A7ECCDC11F04C03000011805 /* Debug */ = {
			isa = XCBuildConfiguration;
			buildSettings = {
				ALWAYS_SEARCH_USER_PATHS = NO;
				ARCHS = "$(ARCHS_STANDARD_64_BIT)";
				CLANG_ANALYZER_NONNULL = YES;
				CLANG_ANALYZER_NUMBER_OBJECT_CONVERSION = YES_AGGRESSIVE;
				CLANG_CXX_LANGUAGE_STANDARD = "gnu++0x";
				CLANG_CXX_LIBRARY = "libc++";
				CLANG_ENABLE_MODULES = YES;
				CLANG_ENABLE_OBJC_ARC = YES;
				CLANG_WARN_BOOL_CONVERSION = YES;
				CLANG_WARN_CONSTANT_CONVERSION = YES;
				CLANG_WARN_DIRECT_OBJC_ISA_USAGE = YES_ERROR;
				CLANG_WARN_DOCUMENTATION_COMMENTS = YES;
				CLANG_WARN_EMPTY_BODY = YES;
				CLANG_WARN_ENUM_CONVERSION = YES;
				CLANG_WARN_INFINITE_RECURSION = YES;
				CLANG_WARN_INT_CONVERSION = YES;
				CLANG_WARN_OBJC_ROOT_CLASS = YES_ERROR;
				CLANG_WARN_SUSPICIOUS_MOVE = YES;
				CLANG_WARN_UNREACHABLE_CODE = YES;
				CLANG_WARN__DUPLICATE_METHOD_MATCH = YES;
				COPY_PHASE_STRIP = NO;
				DEBUG_INFORMATION_FORMAT = dwarf;
				ENABLE_STRICT_OBJC_MSGSEND = YES;
				ENABLE_TESTABILITY = YES;
				GCC_C_LANGUAGE_STANDARD = gnu99;
				GCC_DYNAMIC_NO_PIC = NO;
				GCC_ENABLE_OBJC_EXCEPTIONS = YES;
				GCC_NO_COMMON_BLOCKS = YES;
				GCC_OPTIMIZATION_LEVEL = 0;
				GCC_PREPROCESSOR_DEFINITIONS = (
					"DEBUG=1",
					"$(inherited)",
				);
				GCC_WARN_64_TO_32_BIT_CONVERSION = YES;
				GCC_WARN_ABOUT_RETURN_TYPE = YES_ERROR;
				GCC_WARN_UNDECLARED_SELECTOR = YES;
				GCC_WARN_UNINITIALIZED_AUTOS = YES_AGGRESSIVE;
				GCC_WARN_UNUSED_FUNCTION = YES;
				GCC_WARN_UNUSED_VARIABLE = YES;
				MACOSX_DEPLOYMENT_TARGET = 10.12;
				MTL_ENABLE_DEBUG_INFO = YES;
				ONLY_ACTIVE_ARCH = YES;
				SDKROOT = macosx;
			};
			name = Debug;
		};
		A7ECCDC21F04C03000011805 /* Release */ = {
			isa = XCBuildConfiguration;
			buildSettings = {
				ALWAYS_SEARCH_USER_PATHS = NO;
				ARCHS = "$(ARCHS_STANDARD_64_BIT)";
				CLANG_ANALYZER_NONNULL = YES;
				CLANG_ANALYZER_NUMBER_OBJECT_CONVERSION = YES_AGGRESSIVE;
				CLANG_CXX_LANGUAGE_STANDARD = "gnu++0x";
				CLANG_CXX_LIBRARY = "libc++";
				CLANG_ENABLE_MODULES = YES;
				CLANG_ENABLE_OBJC_ARC = YES;
				CLANG_WARN_BOOL_CONVERSION = YES;
				CLANG_WARN_CONSTANT_CONVERSION = YES;
				CLANG_WARN_DIRECT_OBJC_ISA_USAGE = YES_ERROR;
				CLANG_WARN_DOCUMENTATION_COMMENTS = YES;
				CLANG_WARN_EMPTY_BODY = YES;
				CLANG_WARN_ENUM_CONVERSION = YES;
				CLANG_WARN_INFINITE_RECURSION = YES;
				CLANG_WARN_INT_CONVERSION = YES;
				CLANG_WARN_OBJC_ROOT_CLASS = YES_ERROR;
				CLANG_WARN_SUSPICIOUS_MOVE = YES;
				CLANG_WARN_UNREACHABLE_CODE = YES;
				CLANG_WARN__DUPLICATE_METHOD_MATCH = YES;
				COPY_PHASE_STRIP = NO;
				DEBUG_INFORMATION_FORMAT = "dwarf-with-dsym";
				ENABLE_NS_ASSERTIONS = NO;
				ENABLE_STRICT_OBJC_MSGSEND = YES;
				GCC_C_LANGUAGE_STANDARD = gnu99;
				GCC_ENABLE_OBJC_EXCEPTIONS = YES;
				GCC_NO_COMMON_BLOCKS = YES;
				GCC_WARN_64_TO_32_BIT_CONVERSION = YES;
				GCC_WARN_ABOUT_RETURN_TYPE = YES_ERROR;
				GCC_WARN_UNDECLARED_SELECTOR = YES;
				GCC_WARN_UNINITIALIZED_AUTOS = YES_AGGRESSIVE;
				GCC_WARN_UNUSED_FUNCTION = YES;
				GCC_WARN_UNUSED_VARIABLE = YES;
				MACOSX_DEPLOYMENT_TARGET = 10.12;
				MTL_ENABLE_DEBUG_INFO = NO;
				SDKROOT = macosx;
			};
			name = Release;
		};
		A7ECCDC41F04C03000011805 /* Debug */ = {
			isa = XCBuildConfiguration;
			buildSettings = {
				FRAMEWORK_SEARCH_PATHS = (
					/Library/Frameworks,
					"$(LOCAL_LIBRARY_DIR)/Frameworks",
				);
				HEADER_SEARCH_PATHS = (
					/opt/local/include,
					/usr/include,
					/usr/local/include,
				);
				LIBRARY_SEARCH_PATHS = (
					/opt/local/lib,
					/usr/lib,
				);
				OTHER_LDFLAGS = (
					"-framework",
					cocoa,
					"-framework",
					SDL2,
				);
				PRODUCT_NAME = "$(TARGET_NAME)";
				USER_HEADER_SEARCH_PATHS = "";
			};
			name = Debug;
		};
		A7ECCDC51F04C03000011805 /* Release */ = {
			isa = XCBuildConfiguration;
			buildSettings = {
				FRAMEWORK_SEARCH_PATHS = (
					/Library/Frameworks,
					"$(LOCAL_LIBRARY_DIR)/Frameworks",
				);
				HEADER_SEARCH_PATHS = (
					/opt/local/include,
					/usr/include,
					/usr/local/include,
				);
				LIBRARY_SEARCH_PATHS = (
					/opt/local/lib,
					/usr/lib,
				);
				OTHER_LDFLAGS = (
					"-framework",
					cocoa,
					"-framework",
					SDL2,
				);
				PRODUCT_NAME = "$(TARGET_NAME)";
				USER_HEADER_SEARCH_PATHS = "";
			};
			name = Release;
		};
/* End XCBuildConfiguration section */

/* Begin XCConfigurationList section */
		A7ECCDB71F04C03000011805 /* Build configuration list for PBXProject "kitt" */ = {
			isa = XCConfigurationList;
			buildConfigurations = (
				A7ECCDC11F04C03000011805 /* Debug */,
				A7ECCDC21F04C03000011805 /* Release */,
			);
			defaultConfigurationIsVisible = 0;
			defaultConfigurationName = Release;
		};
		A7ECCDC31F04C03000011805 /* Build configuration list for PBXNativeTarget "kitt" */ = {
			isa = XCConfigurationList;
			buildConfigurations = (
				A7ECCDC41F04C03000011805 /* Debug */,
				A7ECCDC51F04C03000011805 /* Release */,
			);
			defaultConfigurationIsVisible = 0;
			defaultConfigurationName = Release;
		};
/* End XCConfigurationList section */
	};
	rootObject = A7ECCDB41F04C03000011805 /* Project object */;
}
